// !$*UTF8*$!
{
	archiveVersion = 1;
	classes = {
	};
	objectVersion = 50;
	objects = {

/* Begin PBXBuildFile section */
		252A44E921253E9A00DD665B /* AppDelegate.swift in Sources */ = {isa = PBXBuildFile; fileRef = 252A44E821253E9A00DD665B /* AppDelegate.swift */; };
		252A44EB21253E9A00DD665B /* ViewController.swift in Sources */ = {isa = PBXBuildFile; fileRef = 252A44EA21253E9A00DD665B /* ViewController.swift */; };
		252A44EE21253E9A00DD665B /* Main.storyboard in Resources */ = {isa = PBXBuildFile; fileRef = 252A44EC21253E9A00DD665B /* Main.storyboard */; };
		252A44F021253E9C00DD665B /* Assets.xcassets in Resources */ = {isa = PBXBuildFile; fileRef = 252A44EF21253E9C00DD665B /* Assets.xcassets */; };
		252A44F321253E9C00DD665B /* LaunchScreen.storyboard in Resources */ = {isa = PBXBuildFile; fileRef = 252A44F121253E9C00DD665B /* LaunchScreen.storyboard */; };
		252A44FE21253E9C00DD665B /* How_Many_FingersTests.swift in Sources */ = {isa = PBXBuildFile; fileRef = 252A44FD21253E9C00DD665B /* How_Many_FingersTests.swift */; };
		252A450921253E9C00DD665B /* How_Many_FingersUITests.swift in Sources */ = {isa = PBXBuildFile; fileRef = 252A450821253E9C00DD665B /* How_Many_FingersUITests.swift */; };
/* End PBXBuildFile section */

/* Begin PBXContainerItemProxy section */
		252A44FA21253E9C00DD665B /* PBXContainerItemProxy */ = {
			isa = PBXContainerItemProxy;
			containerPortal = 252A44DD21253E9A00DD665B /* Project object */;
			proxyType = 1;
			remoteGlobalIDString = 252A44E421253E9A00DD665B;
			remoteInfo = "How Many Fingers";
		};
		252A450521253E9C00DD665B /* PBXContainerItemProxy */ = {
			isa = PBXContainerItemProxy;
			containerPortal = 252A44DD21253E9A00DD665B /* Project object */;
			proxyType = 1;
			remoteGlobalIDString = 252A44E421253E9A00DD665B;
			remoteInfo = "How Many Fingers";
		};
/* End PBXContainerItemProxy section */

/* Begin PBXFileReference section */
		252A44E521253E9A00DD665B /* How Many Fingers.app */ = {isa = PBXFileReference; explicitFileType = wrapper.application; includeInIndex = 0; path = "How Many Fingers.app"; sourceTree = BUILT_PRODUCTS_DIR; };
		252A44E821253E9A00DD665B /* AppDelegate.swift */ = {isa = PBXFileReference; lastKnownFileType = sourcecode.swift; path = AppDelegate.swift; sourceTree = "<group>"; };
		252A44EA21253E9A00DD665B /* ViewController.swift */ = {isa = PBXFileReference; lastKnownFileType = sourcecode.swift; path = ViewController.swift; sourceTree = "<group>"; };
		252A44ED21253E9A00DD665B /* Base */ = {isa = PBXFileReference; lastKnownFileType = file.storyboard; name = Base; path = Base.lproj/Main.storyboard; sourceTree = "<group>"; };
		252A44EF21253E9C00DD665B /* Assets.xcassets */ = {isa = PBXFileReference; lastKnownFileType = folder.assetcatalog; path = Assets.xcassets; sourceTree = "<group>"; };
		252A44F221253E9C00DD665B /* Base */ = {isa = PBXFileReference; lastKnownFileType = file.storyboard; name = Base; path = Base.lproj/LaunchScreen.storyboard; sourceTree = "<group>"; };
		252A44F421253E9C00DD665B /* Info.plist */ = {isa = PBXFileReference; lastKnownFileType = text.plist.xml; path = Info.plist; sourceTree = "<group>"; };
		252A44F921253E9C00DD665B /* How Many FingersTests.xctest */ = {isa = PBXFileReference; explicitFileType = wrapper.cfbundle; includeInIndex = 0; path = "How Many FingersTests.xctest"; sourceTree = BUILT_PRODUCTS_DIR; };
		252A44FD21253E9C00DD665B /* How_Many_FingersTests.swift */ = {isa = PBXFileReference; lastKnownFileType = sourcecode.swift; path = How_Many_FingersTests.swift; sourceTree = "<group>"; };
		252A44FF21253E9C00DD665B /* Info.plist */ = {isa = PBXFileReference; lastKnownFileType = text.plist.xml; path = Info.plist; sourceTree = "<group>"; };
		252A450421253E9C00DD665B /* How Many FingersUITests.xctest */ = {isa = PBXFileReference; explicitFileType = wrapper.cfbundle; includeInIndex = 0; path = "How Many FingersUITests.xctest"; sourceTree = BUILT_PRODUCTS_DIR; };
		252A450821253E9C00DD665B /* How_Many_FingersUITests.swift */ = {isa = PBXFileReference; lastKnownFileType = sourcecode.swift; path = How_Many_FingersUITests.swift; sourceTree = "<group>"; };
		252A450A21253E9C00DD665B /* Info.plist */ = {isa = PBXFileReference; lastKnownFileType = text.plist.xml; path = Info.plist; sourceTree = "<group>"; };
/* End PBXFileReference section */

/* Begin PBXFrameworksBuildPhase section */
		252A44E221253E9A00DD665B /* Frameworks */ = {
			isa = PBXFrameworksBuildPhase;
			buildActionMask = 2147483647;
			files = (
			);
			runOnlyForDeploymentPostprocessing = 0;
		};
		252A44F621253E9C00DD665B /* Frameworks */ = {
			isa = PBXFrameworksBuildPhase;
			buildActionMask = 2147483647;
			files = (
			);
			runOnlyForDeploymentPostprocessing = 0;
		};
		252A450121253E9C00DD665B /* Frameworks */ = {
			isa = PBXFrameworksBuildPhase;
			buildActionMask = 2147483647;
			files = (
			);
			runOnlyForDeploymentPostprocessing = 0;
		};
/* End PBXFrameworksBuildPhase section */

/* Begin PBXGroup section */
		252A44DC21253E9A00DD665B = {
			isa = PBXGroup;
			children = (
				252A44E721253E9A00DD665B /* How Many Fingers */,
				252A44FC21253E9C00DD665B /* How Many FingersTests */,
				252A450721253E9C00DD665B /* How Many FingersUITests */,
				252A44E621253E9A00DD665B /* Products */,
			);
			sourceTree = "<group>";
		};
		252A44E621253E9A00DD665B /* Products */ = {
			isa = PBXGroup;
			children = (
				252A44E521253E9A00DD665B /* How Many Fingers.app */,
				252A44F921253E9C00DD665B /* How Many FingersTests.xctest */,
				252A450421253E9C00DD665B /* How Many FingersUITests.xctest */,
			);
			name = Products;
			sourceTree = "<group>";
		};
		252A44E721253E9A00DD665B /* How Many Fingers */ = {
			isa = PBXGroup;
			children = (
				252A44E821253E9A00DD665B /* AppDelegate.swift */,
				252A44EA21253E9A00DD665B /* ViewController.swift */,
				252A44EC21253E9A00DD665B /* Main.storyboard */,
				252A44EF21253E9C00DD665B /* Assets.xcassets */,
				252A44F121253E9C00DD665B /* LaunchScreen.storyboard */,
				252A44F421253E9C00DD665B /* Info.plist */,
			);
			path = "How Many Fingers";
			sourceTree = "<group>";
		};
		252A44FC21253E9C00DD665B /* How Many FingersTests */ = {
			isa = PBXGroup;
			children = (
				252A44FD21253E9C00DD665B /* How_Many_FingersTests.swift */,
				252A44FF21253E9C00DD665B /* Info.plist */,
			);
			path = "How Many FingersTests";
			sourceTree = "<group>";
		};
		252A450721253E9C00DD665B /* How Many FingersUITests */ = {
			isa = PBXGroup;
			children = (
				252A450821253E9C00DD665B /* How_Many_FingersUITests.swift */,
				252A450A21253E9C00DD665B /* Info.plist */,
			);
			path = "How Many FingersUITests";
			sourceTree = "<group>";
		};
/* End PBXGroup section */

/* Begin PBXNativeTarget section */
		252A44E421253E9A00DD665B /* How Many Fingers */ = {
			isa = PBXNativeTarget;
			buildConfigurationList = 252A450D21253E9C00DD665B /* Build configuration list for PBXNativeTarget "How Many Fingers" */;
			buildPhases = (
				252A44E121253E9A00DD665B /* Sources */,
				252A44E221253E9A00DD665B /* Frameworks */,
				252A44E321253E9A00DD665B /* Resources */,
			);
			buildRules = (
			);
			dependencies = (
			);
			name = "How Many Fingers";
			productName = "How Many Fingers";
			productReference = 252A44E521253E9A00DD665B /* How Many Fingers.app */;
			productType = "com.apple.product-type.application";
		};
		252A44F821253E9C00DD665B /* How Many FingersTests */ = {
			isa = PBXNativeTarget;
			buildConfigurationList = 252A451021253E9C00DD665B /* Build configuration list for PBXNativeTarget "How Many FingersTests" */;
			buildPhases = (
				252A44F521253E9C00DD665B /* Sources */,
				252A44F621253E9C00DD665B /* Frameworks */,
				252A44F721253E9C00DD665B /* Resources */,
			);
			buildRules = (
			);
			dependencies = (
				252A44FB21253E9C00DD665B /* PBXTargetDependency */,
			);
			name = "How Many FingersTests";
			productName = "How Many FingersTests";
			productReference = 252A44F921253E9C00DD665B /* How Many FingersTests.xctest */;
			productType = "com.apple.product-type.bundle.unit-test";
		};
		252A450321253E9C00DD665B /* How Many FingersUITests */ = {
			isa = PBXNativeTarget;
			buildConfigurationList = 252A451321253E9C00DD665B /* Build configuration list for PBXNativeTarget "How Many FingersUITests" */;
			buildPhases = (
				252A450021253E9C00DD665B /* Sources */,
				252A450121253E9C00DD665B /* Frameworks */,
				252A450221253E9C00DD665B /* Resources */,
			);
			buildRules = (
			);
			dependencies = (
				252A450621253E9C00DD665B /* PBXTargetDependency */,
			);
			name = "How Many FingersUITests";
			productName = "How Many FingersUITests";
			productReference = 252A450421253E9C00DD665B /* How Many FingersUITests.xctest */;
			productType = "com.apple.product-type.bundle.ui-testing";
		};
/* End PBXNativeTarget section */

/* Begin PBXProject section */
		252A44DD21253E9A00DD665B /* Project object */ = {
			isa = PBXProject;
			attributes = {
				LastSwiftUpdateCheck = 0940;
				LastUpgradeCheck = 0940;
				ORGANIZATIONNAME = dhanhost;
				TargetAttributes = {
					252A44E421253E9A00DD665B = {
						CreatedOnToolsVersion = 9.4.1;
					};
					252A44F821253E9C00DD665B = {
						CreatedOnToolsVersion = 9.4.1;
						TestTargetID = 252A44E421253E9A00DD665B;
					};
					252A450321253E9C00DD665B = {
						CreatedOnToolsVersion = 9.4.1;
						TestTargetID = 252A44E421253E9A00DD665B;
					};
				};
			};
			buildConfigurationList = 252A44E021253E9A00DD665B /* Build configuration list for PBXProject "How Many Fingers" */;
			compatibilityVersion = "Xcode 9.3";
			developmentRegion = en;
			hasScannedForEncodings = 0;
			knownRegions = (
				en,
				Base,
			);
			mainGroup = 252A44DC21253E9A00DD665B;
			productRefGroup = 252A44E621253E9A00DD665B /* Products */;
			projectDirPath = "";
			projectRoot = "";
			targets = (
				252A44E421253E9A00DD665B /* How Many Fingers */,
				252A44F821253E9C00DD665B /* How Many FingersTests */,
				252A450321253E9C00DD665B /* How Many FingersUITests */,
			);
		};
/* End PBXProject section */

/* Begin PBXResourcesBuildPhase section */
		252A44E321253E9A00DD665B /* Resources */ = {
			isa = PBXResourcesBuildPhase;
			buildActionMask = 2147483647;
			files = (
				252A44F321253E9C00DD665B /* LaunchScreen.storyboard in Resources */,
				252A44F021253E9C00DD665B /* Assets.xcassets in Resources */,
				252A44EE21253E9A00DD665B /* Main.storyboard in Resources */,
			);
			runOnlyForDeploymentPostprocessing = 0;
		};
		252A44F721253E9C00DD665B /* Resources */ = {
			isa = PBXResourcesBuildPhase;
			buildActionMask = 2147483647;
			files = (
			);
			runOnlyForDeploymentPostprocessing = 0;
		};
		252A450221253E9C00DD665B /* Resources */ = {
			isa = PBXResourcesBuildPhase;
			buildActionMask = 2147483647;
			files = (
			);
			runOnlyForDeploymentPostprocessing = 0;
		};
/* End PBXResourcesBuildPhase section */

/* Begin PBXSourcesBuildPhase section */
		252A44E121253E9A00DD665B /* Sources */ = {
			isa = PBXSourcesBuildPhase;
			buildActionMask = 2147483647;
			files = (
				252A44EB21253E9A00DD665B /* ViewController.swift in Sources */,
				252A44E921253E9A00DD665B /* AppDelegate.swift in Sources */,
			);
			runOnlyForDeploymentPostprocessing = 0;
		};
		252A44F521253E9C00DD665B /* Sources */ = {
			isa = PBXSourcesBuildPhase;
			buildActionMask = 2147483647;
			files = (
				252A44FE21253E9C00DD665B /* How_Many_FingersTests.swift in Sources */,
			);
			runOnlyForDeploymentPostprocessing = 0;
		};
		252A450021253E9C00DD665B /* Sources */ = {
			isa = PBXSourcesBuildPhase;
			buildActionMask = 2147483647;
			files = (
				252A450921253E9C00DD665B /* How_Many_FingersUITests.swift in Sources */,
			);
			runOnlyForDeploymentPostprocessing = 0;
		};
/* End PBXSourcesBuildPhase section */

/* Begin PBXTargetDependency section */
		252A44FB21253E9C00DD665B /* PBXTargetDependency */ = {
			isa = PBXTargetDependency;
			target = 252A44E421253E9A00DD665B /* How Many Fingers */;
			targetProxy = 252A44FA21253E9C00DD665B /* PBXContainerItemProxy */;
		};
		252A450621253E9C00DD665B /* PBXTargetDependency */ = {
			isa = PBXTargetDependency;
			target = 252A44E421253E9A00DD665B /* How Many Fingers */;
			targetProxy = 252A450521253E9C00DD665B /* PBXContainerItemProxy */;
		};
/* End PBXTargetDependency section */

/* Begin PBXVariantGroup section */
		252A44EC21253E9A00DD665B /* Main.storyboard */ = {
			isa = PBXVariantGroup;
			children = (
				252A44ED21253E9A00DD665B /* Base */,
			);
			name = Main.storyboard;
			sourceTree = "<group>";
		};
		252A44F121253E9C00DD665B /* LaunchScreen.storyboard */ = {
			isa = PBXVariantGroup;
			children = (
				252A44F221253E9C00DD665B /* Base */,
			);
			name = LaunchScreen.storyboard;
			sourceTree = "<group>";
		};
/* End PBXVariantGroup section */

/* Begin XCBuildConfiguration section */
		252A450B21253E9C00DD665B /* Debug */ = {
			isa = XCBuildConfiguration;
			buildSettings = {
				ALWAYS_SEARCH_USER_PATHS = NO;
				CLANG_ANALYZER_NONNULL = YES;
				CLANG_ANALYZER_NUMBER_OBJECT_CONVERSION = YES_AGGRESSIVE;
				CLANG_CXX_LANGUAGE_STANDARD = "gnu++14";
				CLANG_CXX_LIBRARY = "libc++";
				CLANG_ENABLE_MODULES = YES;
				CLANG_ENABLE_OBJC_ARC = YES;
				CLANG_ENABLE_OBJC_WEAK = YES;
				CLANG_WARN_BLOCK_CAPTURE_AUTORELEASING = YES;
				CLANG_WARN_BOOL_CONVERSION = YES;
				CLANG_WARN_COMMA = YES;
				CLANG_WARN_CONSTANT_CONVERSION = YES;
				CLANG_WARN_DEPRECATED_OBJC_IMPLEMENTATIONS = YES;
				CLANG_WARN_DIRECT_OBJC_ISA_USAGE = YES_ERROR;
				CLANG_WARN_DOCUMENTATION_COMMENTS = YES;
				CLANG_WARN_EMPTY_BODY = YES;
				CLANG_WARN_ENUM_CONVERSION = YES;
				CLANG_WARN_INFINITE_RECURSION = YES;
				CLANG_WARN_INT_CONVERSION = YES;
				CLANG_WARN_NON_LITERAL_NULL_CONVERSION = YES;
				CLANG_WARN_OBJC_IMPLICIT_RETAIN_SELF = YES;
				CLANG_WARN_OBJC_LITERAL_CONVERSION = YES;
				CLANG_WARN_OBJC_ROOT_CLASS = YES_ERROR;
				CLANG_WARN_RANGE_LOOP_ANALYSIS = YES;
				CLANG_WARN_STRICT_PROTOTYPES = YES;
				CLANG_WARN_SUSPICIOUS_MOVE = YES;
				CLANG_WARN_UNGUARDED_AVAILABILITY = YES_AGGRESSIVE;
				CLANG_WARN_UNREACHABLE_CODE = YES;
				CLANG_WARN__DUPLICATE_METHOD_MATCH = YES;
				CODE_SIGN_IDENTITY = "iPhone Developer";
				COPY_PHASE_STRIP = NO;
				DEBUG_INFORMATION_FORMAT = dwarf;
				ENABLE_STRICT_OBJC_MSGSEND = YES;
				ENABLE_TESTABILITY = YES;
				GCC_C_LANGUAGE_STANDARD = gnu11;
				GCC_DYNAMIC_NO_PIC = NO;
				GCC_NO_COMMON_BLOCKS = YES;
				GCC_OPTIMIZATION_LEVEL = 0;
				GCC_PREPROCESSOR_DEFINITIONS = (
					"DEBUG=1",
					"$(inherited)",
				);
				GCC_WARN_64_TO_32_BIT_CONVERSION = YES;
				GCC_WARN_ABOUT_RETURN_TYPE = YES_ERROR;
				GCC_WARN_UNDECLARED_SELECTOR = YES;
				GCC_WARN_UNINITIALIZED_AUTOS = YES_AGGRESSIVE;
				GCC_WARN_UNUSED_FUNCTION = YES;
				GCC_WARN_UNUSED_VARIABLE = YES;
				IPHONEOS_DEPLOYMENT_TARGET = 11.4;
				MTL_ENABLE_DEBUG_INFO = YES;
				ONLY_ACTIVE_ARCH = YES;
				SDKROOT = iphoneos;
				SWIFT_ACTIVE_COMPILATION_CONDITIONS = DEBUG;
				SWIFT_OPTIMIZATION_LEVEL = "-Onone";
			};
			name = Debug;
		};
		252A450C21253E9C00DD665B /* Release */ = {
			isa = XCBuildConfiguration;
			buildSettings = {
				ALWAYS_SEARCH_USER_PATHS = NO;
				CLANG_ANALYZER_NONNULL = YES;
				CLANG_ANALYZER_NUMBER_OBJECT_CONVERSION = YES_AGGRESSIVE;
				CLANG_CXX_LANGUAGE_STANDARD = "gnu++14";
				CLANG_CXX_LIBRARY = "libc++";
				CLANG_ENABLE_MODULES = YES;
				CLANG_ENABLE_OBJC_ARC = YES;
				CLANG_ENABLE_OBJC_WEAK = YES;
				CLANG_WARN_BLOCK_CAPTURE_AUTORELEASING = YES;
				CLANG_WARN_BOOL_CONVERSION = YES;
				CLANG_WARN_COMMA = YES;
				CLANG_WARN_CONSTANT_CONVERSION = YES;
				CLANG_WARN_DEPRECATED_OBJC_IMPLEMENTATIONS = YES;
				CLANG_WARN_DIRECT_OBJC_ISA_USAGE = YES_ERROR;
				CLANG_WARN_DOCUMENTATION_COMMENTS = YES;
				CLANG_WARN_EMPTY_BODY = YES;
				CLANG_WARN_ENUM_CONVERSION = YES;
				CLANG_WARN_INFINITE_RECURSION = YES;
				CLANG_WARN_INT_CONVERSION = YES;
				CLANG_WARN_NON_LITERAL_NULL_CONVERSION = YES;
				CLANG_WARN_OBJC_IMPLICIT_RETAIN_SELF = YES;
				CLANG_WARN_OBJC_LITERAL_CONVERSION = YES;
				CLANG_WARN_OBJC_ROOT_CLASS = YES_ERROR;
				CLANG_WARN_RANGE_LOOP_ANALYSIS = YES;
				CLANG_WARN_STRICT_PROTOTYPES = YES;
				CLANG_WARN_SUSPICIOUS_MOVE = YES;
				CLANG_WARN_UNGUARDED_AVAILABILITY = YES_AGGRESSIVE;
				CLANG_WARN_UNREACHABLE_CODE = YES;
				CLANG_WARN__DUPLICATE_METHOD_MATCH = YES;
				CODE_SIGN_IDENTITY = "iPhone Developer";
				COPY_PHASE_STRIP = NO;
				DEBUG_INFORMATION_FORMAT = "dwarf-with-dsym";
				ENABLE_NS_ASSERTIONS = NO;
				ENABLE_STRICT_OBJC_MSGSEND = YES;
				GCC_C_LANGUAGE_STANDARD = gnu11;
				GCC_NO_COMMON_BLOCKS = YES;
				GCC_WARN_64_TO_32_BIT_CONVERSION = YES;
				GCC_WARN_ABOUT_RETURN_TYPE = YES_ERROR;
				GCC_WARN_UNDECLARED_SELECTOR = YES;
				GCC_WARN_UNINITIALIZED_AUTOS = YES_AGGRESSIVE;
				GCC_WARN_UNUSED_FUNCTION = YES;
				GCC_WARN_UNUSED_VARIABLE = YES;
				IPHONEOS_DEPLOYMENT_TARGET = 11.4;
				MTL_ENABLE_DEBUG_INFO = NO;
				SDKROOT = iphoneos;
				SWIFT_COMPILATION_MODE = wholemodule;
				SWIFT_OPTIMIZATION_LEVEL = "-O";
				VALIDATE_PRODUCT = YES;
			};
			name = Release;
		};
		252A450E21253E9C00DD665B /* Debug */ = {
			isa = XCBuildConfiguration;
			buildSettings = {
				ASSETCATALOG_COMPILER_APPICON_NAME = AppIcon;
				CODE_SIGN_STYLE = Automatic;
				INFOPLIST_FILE = "How Many Fingers/Info.plist";
				LD_RUNPATH_SEARCH_PATHS = (
					"$(inherited)",
					"@executable_path/Frameworks",
				);
				PRODUCT_BUNDLE_IDENTIFIER = "com.dhanhost.How-Many-Fingers";
				PRODUCT_NAME = "$(TARGET_NAME)";
				SWIFT_VERSION = 4.0;
				TARGETED_DEVICE_FAMILY = "1,2";
			};
			name = Debug;
		};
		252A450F21253E9C00DD665B /* Release */ = {
			isa = XCBuildConfiguration;
			buildSettings = {
				ASSETCATALOG_COMPILER_APPICON_NAME = AppIcon;
				CODE_SIGN_STYLE = Automatic;
				INFOPLIST_FILE = "How Many Fingers/Info.plist";
				LD_RUNPATH_SEARCH_PATHS = (
					"$(inherited)",
					"@executable_path/Frameworks",
				);
				PRODUCT_BUNDLE_IDENTIFIER = "com.dhanhost.How-Many-Fingers";
				PRODUCT_NAME = "$(TARGET_NAME)";
				SWIFT_VERSION = 4.0;
				TARGETED_DEVICE_FAMILY = "1,2";
			};
			name = Release;
		};
		252A451121253E9C00DD665B /* Debug */ = {
			isa = XCBuildConfiguration;
			buildSettings = {
				ALWAYS_EMBED_SWIFT_STANDARD_LIBRARIES = YES;
				BUNDLE_LOADER = "$(TEST_HOST)";
				CODE_SIGN_STYLE = Automatic;
				INFOPLIST_FILE = "How Many FingersTests/Info.plist";
				LD_RUNPATH_SEARCH_PATHS = (
					"$(inherited)",
					"@executable_path/Frameworks",
					"@loader_path/Frameworks",
				);
				PRODUCT_BUNDLE_IDENTIFIER = "com.dhanhost.How-Many-FingersTests";
				PRODUCT_NAME = "$(TARGET_NAME)";
				SWIFT_VERSION = 4.0;
				TARGETED_DEVICE_FAMILY = "1,2";
				TEST_HOST = "$(BUILT_PRODUCTS_DIR)/How Many Fingers.app/How Many Fingers";
			};
			name = Debug;
		};
		252A451221253E9C00DD665B /* Release */ = {
			isa = XCBuildConfiguration;
			buildSettings = {
				ALWAYS_EMBED_SWIFT_STANDARD_LIBRARIES = YES;
				BUNDLE_LOADER = "$(TEST_HOST)";
				CODE_SIGN_STYLE = Automatic;
				INFOPLIST_FILE = "How Many FingersTests/Info.plist";
				LD_RUNPATH_SEARCH_PATHS = (
					"$(inherited)",
					"@executable_path/Frameworks",
					"@loader_path/Frameworks",
				);
				PRODUCT_BUNDLE_IDENTIFIER = "com.dhanhost.How-Many-FingersTests";
				PRODUCT_NAME = "$(TARGET_NAME)";
				SWIFT_VERSION = 4.0;
				TARGETED_DEVICE_FAMILY = "1,2";
				TEST_HOST = "$(BUILT_PRODUCTS_DIR)/How Many Fingers.app/How Many Fingers";
			};
			name = Release;
		};
		252A451421253E9C00DD665B /* Debug */ = {
			isa = XCBuildConfiguration;
			buildSettings = {
				ALWAYS_EMBED_SWIFT_STANDARD_LIBRARIES = YES;
				CODE_SIGN_STYLE = Automatic;
				INFOPLIST_FILE = "How Many FingersUITests/Info.plist";
				LD_RUNPATH_SEARCH_PATHS = (
					"$(inherited)",
					"@executable_path/Frameworks",
					"@loader_path/Frameworks",
				);
				PRODUCT_BUNDLE_IDENTIFIER = "com.dhanhost.How-Many-FingersUITests";
				PRODUCT_NAME = "$(TARGET_NAME)";
				SWIFT_VERSION = 4.0;
				TARGETED_DEVICE_FAMILY = "1,2";
				TEST_TARGET_NAME = "How Many Fingers";
			};
			name = Debug;
		};
		252A451521253E9C00DD665B /* Release */ = {
			isa = XCBuildConfiguration;
			buildSettings = {
				ALWAYS_EMBED_SWIFT_STANDARD_LIBRARIES = YES;
				CODE_SIGN_STYLE = Automatic;
				INFOPLIST_FILE = "How Many FingersUITests/Info.plist";
				LD_RUNPATH_SEARCH_PATHS = (
					"$(inherited)",
					"@executable_path/Frameworks",
					"@loader_path/Frameworks",
				);
				PRODUCT_BUNDLE_IDENTIFIER = "com.dhanhost.How-Many-FingersUITests";
				PRODUCT_NAME = "$(TARGET_NAME)";
				SWIFT_VERSION = 4.0;
				TARGETED_DEVICE_FAMILY = "1,2";
				TEST_TARGET_NAME = "How Many Fingers";
			};
			name = Release;
		};
/* End XCBuildConfiguration section */

/* Begin XCConfigurationList section */
		252A44E021253E9A00DD665B /* Build configuration list for PBXProject "How Many Fingers" */ = {
			isa = XCConfigurationList;
			buildConfigurations = (
				252A450B21253E9C00DD665B /* Debug */,
				252A450C21253E9C00DD665B /* Release */,
			);
			defaultConfigurationIsVisible = 0;
			defaultConfigurationName = Release;
		};
		252A450D21253E9C00DD665B /* Build configuration list for PBXNativeTarget "How Many Fingers" */ = {
			isa = XCConfigurationList;
			buildConfigurations = (
				252A450E21253E9C00DD665B /* Debug */,
				252A450F21253E9C00DD665B /* Release */,
			);
			defaultConfigurationIsVisible = 0;
			defaultConfigurationName = Release;
		};
		252A451021253E9C00DD665B /* Build configuration list for PBXNativeTarget "How Many FingersTests" */ = {
			isa = XCConfigurationList;
			buildConfigurations = (
				252A451121253E9C00DD665B /* Debug */,
				252A451221253E9C00DD665B /* Release */,
			);
			defaultConfigurationIsVisible = 0;
			defaultConfigurationName = Release;
		};
		252A451321253E9C00DD665B /* Build configuration list for PBXNativeTarget "How Many FingersUITests" */ = {
			isa = XCConfigurationList;
			buildConfigurations = (
				252A451421253E9C00DD665B /* Debug */,
				252A451521253E9C00DD665B /* Release */,
			);
			defaultConfigurationIsVisible = 0;
			defaultConfigurationName = Release;
		};
/* End XCConfigurationList section */
	};
	rootObject = 252A44DD21253E9A00DD665B /* Project object */;
}
